
Microsoft Visual Studio Solution File, Format Version 12.00
Project("{8BC9CEB8-8B4A-11D0-8D11-00A0C91BC942}") = "P 2.4", "P 2.4\P 2.4.vcxproj", "{E0ECC05B-BD06-4D45-A2E6-B1A886164733}"
EndProject
Global
	GlobalSection(SolutionConfigurationPlatforms) = preSolution
		Debug|Win32 = Debug|Win32
		Debug|x64 = Debug|x64
		Release|Win32 = Release|Win32
		Release|x64 = Release|x64
	EndGlobalSection
	GlobalSection(ProjectConfigurationPlatforms) = postSolution
		{E0ECC05B-BD06-4D45-A2E6-B1A886164733}.Debug|Win32.ActiveCfg = Debug|Win32
		{E0ECC05B-BD06-4D45-A2E6-B1A886164733}.Debug|Win32.Build.0 = Debug|Win32
		{E0ECC05B-BD06-4D45-A2E6-B1A886164733}.Debug|x64.ActiveCfg = Debug|x64
		{E0ECC05B-BD06-4D45-A2E6-B1A886164733}.Debug|x64.Build.0 = Debug|x64
		{E0ECC05B-BD06-4D45-A2E6-B1A886164733}.Release|Win32.ActiveCfg = Release|Win32
		{E0ECC05B-BD06-4D45-A2E6-B1A886164733}.Release|Win32.Build.0 = Release|Win32
		{E0ECC05B-BD06-4D45-A2E6-B1A886164733}.Release|x64.ActiveCfg = Release|x64
		{E0ECC05B-BD06-4D45-A2E6-B1A886164733}.Release|x64.Build.0 = Release|x64
	EndGlobalSection
EndGlobal
